// !$*UTF8*$!
{
	archiveVersion = 1;
	classes = {
	};
	objectVersion = 77;
	objects = {

/* Begin PBXBuildFile section */
		C0C4A2B12EC24AB400BFE010 /* AsyncAwaitServices.swift in Sources */ = {isa = PBXBuildFile; fileRef = C0C4A2B02EC24AB400BFE010 /* AsyncAwaitServices.swift */; };
		C0E41D3E2EC1B64A002A71B8 /* SwiftConcurrencyMasterApp.swift in Sources */ = {isa = PBXBuildFile; fileRef = C0E41D3D2EC1B64A002A71B8 /* SwiftConcurrencyMasterApp.swift */; };
		C0E41D402EC1B64A002A71B8 /* ContentView.swift in Sources */ = {isa = PBXBuildFile; fileRef = C0E41D3F2EC1B64A002A71B8 /* ContentView.swift */; };
		C0E41D4D2EC1C7E9002A71B8 /* DoTryCatchModule.swift in Sources */ = {isa = PBXBuildFile; fileRef = C0E41D4C2EC1C7E9002A71B8 /* DoTryCatchModule.swift */; };
		C0E41D522EC1F123002A71B8 /* AsyncAwaitModule.swift in Sources */ = {isa = PBXBuildFile; fileRef = C0E41D512EC1F123002A71B8 /* AsyncAwaitModule.swift */; };
		C0E41D542EC1F1EC002A71B8 /* AsyncAwaitViewModel.swift in Sources */ = {isa = PBXBuildFile; fileRef = C0E41D532EC1F1EC002A71B8 /* AsyncAwaitViewModel.swift */; };
		C0E41D582EC1F291002A71B8 /* User.swift in Sources */ = {isa = PBXBuildFile; fileRef = C0E41D572EC1F291002A71B8 /* User.swift */; };
/* End PBXBuildFile section */

/* Begin PBXFileReference section */
		C0C4A2B02EC24AB400BFE010 /* AsyncAwaitServices.swift */ = {isa = PBXFileReference; lastKnownFileType = sourcecode.swift; path = AsyncAwaitServices.swift; sourceTree = "<group>"; };
		C0E41D3A2EC1B64A002A71B8 /* SwiftConcurrencyMaster.app */ = {isa = PBXFileReference; explicitFileType = wrapper.application; includeInIndex = 0; path = SwiftConcurrencyMaster.app; sourceTree = BUILT_PRODUCTS_DIR; };
		C0E41D3D2EC1B64A002A71B8 /* SwiftConcurrencyMasterApp.swift */ = {isa = PBXFileReference; lastKnownFileType = sourcecode.swift; path = SwiftConcurrencyMasterApp.swift; sourceTree = "<group>"; };
		C0E41D3F2EC1B64A002A71B8 /* ContentView.swift */ = {isa = PBXFileReference; lastKnownFileType = sourcecode.swift; path = ContentView.swift; sourceTree = "<group>"; };
		C0E41D4C2EC1C7E9002A71B8 /* DoTryCatchModule.swift */ = {isa = PBXFileReference; lastKnownFileType = sourcecode.swift; path = DoTryCatchModule.swift; sourceTree = "<group>"; };
		C0E41D512EC1F123002A71B8 /* AsyncAwaitModule.swift */ = {isa = PBXFileReference; lastKnownFileType = sourcecode.swift; path = AsyncAwaitModule.swift; sourceTree = "<group>"; };
		C0E41D532EC1F1EC002A71B8 /* AsyncAwaitViewModel.swift */ = {isa = PBXFileReference; lastKnownFileType = sourcecode.swift; path = AsyncAwaitViewModel.swift; sourceTree = "<group>"; };
		C0E41D572EC1F291002A71B8 /* User.swift */ = {isa = PBXFileReference; lastKnownFileType = sourcecode.swift; path = User.swift; sourceTree = "<group>"; };
/* End PBXFileReference section */

/* Begin PBXFileSystemSynchronizedRootGroup section */
		C0E41D3C2EC1B64A002A71B8 /* SwiftConcurrencyMaster */ = {
			isa = PBXFileSystemSynchronizedRootGroup;
			path = SwiftConcurrencyMaster;
			sourceTree = "<group>";
		};
/* End PBXFileSystemSynchronizedRootGroup section */

/* Begin PBXFrameworksBuildPhase section */
		C0E41D372EC1B64A002A71B8 /* Frameworks */ = {
			isa = PBXFrameworksBuildPhase;
			buildActionMask = 2147483647;
			files = (
			);
			runOnlyForDeploymentPostprocessing = 0;
		};
/* End PBXFrameworksBuildPhase section */

/* Begin PBXGroup section */
		C0E41D312EC1B64A002A71B8 = {
			isa = PBXGroup;
			children = (
				C0E41D482EC1C736002A71B8 /* App */,
				C0E41D492EC1C741002A71B8 /* Root */,
				C0E41D4A2EC1C763002A71B8 /* Modules */,
				C0E41D552EC1F275002A71B8 /* Shared */,
				C0E41D3C2EC1B64A002A71B8 /* SwiftConcurrencyMaster */,
				C0E41D3B2EC1B64A002A71B8 /* Products */,
			);
			sourceTree = "<group>";
		};
		C0E41D3B2EC1B64A002A71B8 /* Products */ = {
			isa = PBXGroup;
			children = (
				C0E41D3A2EC1B64A002A71B8 /* SwiftConcurrencyMaster.app */,
			);
			name = Products;
			sourceTree = "<group>";
		};
		C0E41D482EC1C736002A71B8 /* App */ = {
			isa = PBXGroup;
			children = (
				C0E41D3D2EC1B64A002A71B8 /* SwiftConcurrencyMasterApp.swift */,
			);
			path = App;
			sourceTree = "<group>";
		};
		C0E41D492EC1C741002A71B8 /* Root */ = {
			isa = PBXGroup;
			children = (
				C0E41D3F2EC1B64A002A71B8 /* ContentView.swift */,
			);
			path = Root;
			sourceTree = "<group>";
		};
		C0E41D4A2EC1C763002A71B8 /* Modules */ = {
			isa = PBXGroup;
			children = (
				C0E41D4B2EC1C7C1002A71B8 /* DoTryCatch */,
				C0E41D502EC1F0F1002A71B8 /* AsyncAwait */,
			);
			path = Modules;
			sourceTree = "<group>";
		};
		C0E41D4B2EC1C7C1002A71B8 /* DoTryCatch */ = {
			isa = PBXGroup;
			children = (
				C0E41D4C2EC1C7E9002A71B8 /* DoTryCatchModule.swift */,
			);
			path = DoTryCatch;
			sourceTree = "<group>";
		};
		C0E41D502EC1F0F1002A71B8 /* AsyncAwait */ = {
			isa = PBXGroup;
			children = (
				C0E41D512EC1F123002A71B8 /* AsyncAwaitModule.swift */,
				C0E41D532EC1F1EC002A71B8 /* AsyncAwaitViewModel.swift */,
				C0C4A2B02EC24AB400BFE010 /* AsyncAwaitServices.swift */,
			);
			path = AsyncAwait;
			sourceTree = "<group>";
		};
		C0E41D552EC1F275002A71B8 /* Shared */ = {
			isa = PBXGroup;
			children = (
				C0E41D562EC1F27C002A71B8 /* Model */,
			);
			path = Shared;
			sourceTree = "<group>";
		};
		C0E41D562EC1F27C002A71B8 /* Model */ = {
			isa = PBXGroup;
			children = (
				C0E41D572EC1F291002A71B8 /* User.swift */,
			);
			path = Model;
			sourceTree = "<group>";
		};
/* End PBXGroup section */

/* Begin PBXNativeTarget section */
		C0E41D392EC1B64A002A71B8 /* SwiftConcurrencyMaster */ = {
			isa = PBXNativeTarget;
			buildConfigurationList = C0E41D452EC1B64B002A71B8 /* Build configuration list for PBXNativeTarget "SwiftConcurrencyMaster" */;
			buildPhases = (
				C0E41D362EC1B64A002A71B8 /* Sources */,
				C0E41D372EC1B64A002A71B8 /* Frameworks */,
				C0E41D382EC1B64A002A71B8 /* Resources */,
			);
			buildRules = (
			);
			dependencies = (
			);
			fileSystemSynchronizedGroups = (
				C0E41D3C2EC1B64A002A71B8 /* SwiftConcurrencyMaster */,
			);
			name = SwiftConcurrencyMaster;
			packageProductDependencies = (
			);
			productName = SwiftConcurrencyMaster;
			productReference = C0E41D3A2EC1B64A002A71B8 /* SwiftConcurrencyMaster.app */;
			productType = "com.apple.product-type.application";
		};
/* End PBXNativeTarget section */

/* Begin PBXProject section */
		C0E41D322EC1B64A002A71B8 /* Project object */ = {
			isa = PBXProject;
			attributes = {
				BuildIndependentTargetsInParallel = 1;
				LastSwiftUpdateCheck = 1640;
				LastUpgradeCheck = 1640;
				TargetAttributes = {
					C0E41D392EC1B64A002A71B8 = {
						CreatedOnToolsVersion = 16.4;
					};
				};
			};
			buildConfigurationList = C0E41D352EC1B64A002A71B8 /* Build configuration list for PBXProject "SwiftConcurrencyMaster" */;
			developmentRegion = en;
			hasScannedForEncodings = 0;
			knownRegions = (
				en,
				Base,
			);
			mainGroup = C0E41D312EC1B64A002A71B8;
			minimizedProjectReferenceProxies = 1;
			preferredProjectObjectVersion = 77;
			productRefGroup = C0E41D3B2EC1B64A002A71B8 /* Products */;
			projectDirPath = "";
			projectRoot = "";
			targets = (
				C0E41D392EC1B64A002A71B8 /* SwiftConcurrencyMaster */,
			);
		};
/* End PBXProject section */

/* Begin PBXResourcesBuildPhase section */
		C0E41D382EC1B64A002A71B8 /* Resources */ = {
			isa = PBXResourcesBuildPhase;
			buildActionMask = 2147483647;
			files = (
			);
			runOnlyForDeploymentPostprocessing = 0;
		};
/* End PBXResourcesBuildPhase section */

/* Begin PBXSourcesBuildPhase section */
		C0E41D362EC1B64A002A71B8 /* Sources */ = {
			isa = PBXSourcesBuildPhase;
			buildActionMask = 2147483647;
			files = (
				C0E41D4D2EC1C7E9002A71B8 /* DoTryCatchModule.swift in Sources */,
				C0E41D402EC1B64A002A71B8 /* ContentView.swift in Sources */,
				C0C4A2B12EC24AB400BFE010 /* AsyncAwaitServices.swift in Sources */,
				C0E41D582EC1F291002A71B8 /* User.swift in Sources */,
				C0E41D542EC1F1EC002A71B8 /* AsyncAwaitViewModel.swift in Sources */,
				C0E41D3E2EC1B64A002A71B8 /* SwiftConcurrencyMasterApp.swift in Sources */,
				C0E41D522EC1F123002A71B8 /* AsyncAwaitModule.swift in Sources */,
			);
			runOnlyForDeploymentPostprocessing = 0;
		};
/* End PBXSourcesBuildPhase section */

/* Begin XCBuildConfiguration section */
		C0E41D432EC1B64B002A71B8 /* Debug */ = {
			isa = XCBuildConfiguration;
			buildSettings = {
				ALWAYS_SEARCH_USER_PATHS = NO;
				ASSETCATALOG_COMPILER_GENERATE_SWIFT_ASSET_SYMBOL_EXTENSIONS = YES;
				CLANG_ANALYZER_NONNULL = YES;
				CLANG_ANALYZER_NUMBER_OBJECT_CONVERSION = YES_AGGRESSIVE;
				CLANG_CXX_LANGUAGE_STANDARD = "gnu++20";
				CLANG_ENABLE_MODULES = YES;
				CLANG_ENABLE_OBJC_ARC = YES;
				CLANG_ENABLE_OBJC_WEAK = YES;
				CLANG_WARN_BLOCK_CAPTURE_AUTORELEASING = YES;
				CLANG_WARN_BOOL_CONVERSION = YES;
				CLANG_WARN_COMMA = YES;
				CLANG_WARN_CONSTANT_CONVERSION = YES;
				CLANG_WARN_DEPRECATED_OBJC_IMPLEMENTATIONS = YES;
				CLANG_WARN_DIRECT_OBJC_ISA_USAGE = YES_ERROR;
				CLANG_WARN_DOCUMENTATION_COMMENTS = YES;
				CLANG_WARN_EMPTY_BODY = YES;
				CLANG_WARN_ENUM_CONVERSION = YES;
				CLANG_WARN_INFINITE_RECURSION = YES;
				CLANG_WARN_INT_CONVERSION = YES;
				CLANG_WARN_NON_LITERAL_NULL_CONVERSION = YES;
				CLANG_WARN_OBJC_IMPLICIT_RETAIN_SELF = YES;
				CLANG_WARN_OBJC_LITERAL_CONVERSION = YES;
				CLANG_WARN_OBJC_ROOT_CLASS = YES_ERROR;
				CLANG_WARN_QUOTED_INCLUDE_IN_FRAMEWORK_HEADER = YES;
				CLANG_WARN_RANGE_LOOP_ANALYSIS = YES;
				CLANG_WARN_STRICT_PROTOTYPES = YES;
				CLANG_WARN_SUSPICIOUS_MOVE = YES;
				CLANG_WARN_UNGUARDED_AVAILABILITY = YES_AGGRESSIVE;
				CLANG_WARN_UNREACHABLE_CODE = YES;
				CLANG_WARN__DUPLICATE_METHOD_MATCH = YES;
				COPY_PHASE_STRIP = NO;
				DEBUG_INFORMATION_FORMAT = dwarf;
				ENABLE_STRICT_OBJC_MSGSEND = YES;
				ENABLE_TESTABILITY = YES;
				ENABLE_USER_SCRIPT_SANDBOXING = YES;
				GCC_C_LANGUAGE_STANDARD = gnu17;
				GCC_DYNAMIC_NO_PIC = NO;
				GCC_NO_COMMON_BLOCKS = YES;
				GCC_OPTIMIZATION_LEVEL = 0;
				GCC_PREPROCESSOR_DEFINITIONS = (
					"DEBUG=1",
					"$(inherited)",
				);
				GCC_WARN_64_TO_32_BIT_CONVERSION = YES;
				GCC_WARN_ABOUT_RETURN_TYPE = YES_ERROR;
				GCC_WARN_UNDECLARED_SELECTOR = YES;
				GCC_WARN_UNINITIALIZED_AUTOS = YES_AGGRESSIVE;
				GCC_WARN_UNUSED_FUNCTION = YES;
				GCC_WARN_UNUSED_VARIABLE = YES;
				IPHONEOS_DEPLOYMENT_TARGET = 18.5;
				LOCALIZATION_PREFERS_STRING_CATALOGS = YES;
				MTL_ENABLE_DEBUG_INFO = INCLUDE_SOURCE;
				MTL_FAST_MATH = YES;
				ONLY_ACTIVE_ARCH = YES;
				SDKROOT = iphoneos;
				SWIFT_ACTIVE_COMPILATION_CONDITIONS = "DEBUG $(inherited)";
				SWIFT_OPTIMIZATION_LEVEL = "-Onone";
			};
			name = Debug;
		};
		C0E41D442EC1B64B002A71B8 /* Release */ = {
			isa = XCBuildConfiguration;
			buildSettings = {
				ALWAYS_SEARCH_USER_PATHS = NO;
				ASSETCATALOG_COMPILER_GENERATE_SWIFT_ASSET_SYMBOL_EXTENSIONS = YES;
				CLANG_ANALYZER_NONNULL = YES;
				CLANG_ANALYZER_NUMBER_OBJECT_CONVERSION = YES_AGGRESSIVE;
				CLANG_CXX_LANGUAGE_STANDARD = "gnu++20";
				CLANG_ENABLE_MODULES = YES;
				CLANG_ENABLE_OBJC_ARC = YES;
				CLANG_ENABLE_OBJC_WEAK = YES;
				CLANG_WARN_BLOCK_CAPTURE_AUTORELEASING = YES;
				CLANG_WARN_BOOL_CONVERSION = YES;
				CLANG_WARN_COMMA = YES;
				CLANG_WARN_CONSTANT_CONVERSION = YES;
				CLANG_WARN_DEPRECATED_OBJC_IMPLEMENTATIONS = YES;
				CLANG_WARN_DIRECT_OBJC_ISA_USAGE = YES_ERROR;
				CLANG_WARN_DOCUMENTATION_COMMENTS = YES;
				CLANG_WARN_EMPTY_BODY = YES;
				CLANG_WARN_ENUM_CONVERSION = YES;
				CLANG_WARN_INFINITE_RECURSION = YES;
				CLANG_WARN_INT_CONVERSION = YES;
				CLANG_WARN_NON_LITERAL_NULL_CONVERSION = YES;
				CLANG_WARN_OBJC_IMPLICIT_RETAIN_SELF = YES;
				CLANG_WARN_OBJC_LITERAL_CONVERSION = YES;
				CLANG_WARN_OBJC_ROOT_CLASS = YES_ERROR;
				CLANG_WARN_QUOTED_INCLUDE_IN_FRAMEWORK_HEADER = YES;
				CLANG_WARN_RANGE_LOOP_ANALYSIS = YES;
				CLANG_WARN_STRICT_PROTOTYPES = YES;
				CLANG_WARN_SUSPICIOUS_MOVE = YES;
				CLANG_WARN_UNGUARDED_AVAILABILITY = YES_AGGRESSIVE;
				CLANG_WARN_UNREACHABLE_CODE = YES;
				CLANG_WARN__DUPLICATE_METHOD_MATCH = YES;
				COPY_PHASE_STRIP = NO;
				DEBUG_INFORMATION_FORMAT = "dwarf-with-dsym";
				ENABLE_NS_ASSERTIONS = NO;
				ENABLE_STRICT_OBJC_MSGSEND = YES;
				ENABLE_USER_SCRIPT_SANDBOXING = YES;
				GCC_C_LANGUAGE_STANDARD = gnu17;
				GCC_NO_COMMON_BLOCKS = YES;
				GCC_WARN_64_TO_32_BIT_CONVERSION = YES;
				GCC_WARN_ABOUT_RETURN_TYPE = YES_ERROR;
				GCC_WARN_UNDECLARED_SELECTOR = YES;
				GCC_WARN_UNINITIALIZED_AUTOS = YES_AGGRESSIVE;
				GCC_WARN_UNUSED_FUNCTION = YES;
				GCC_WARN_UNUSED_VARIABLE = YES;
				IPHONEOS_DEPLOYMENT_TARGET = 18.5;
				LOCALIZATION_PREFERS_STRING_CATALOGS = YES;
				MTL_ENABLE_DEBUG_INFO = NO;
				MTL_FAST_MATH = YES;
				SDKROOT = iphoneos;
				SWIFT_COMPILATION_MODE = wholemodule;
				VALIDATE_PRODUCT = YES;
			};
			name = Release;
		};
		C0E41D462EC1B64B002A71B8 /* Debug */ = {
			isa = XCBuildConfiguration;
			buildSettings = {
				ASSETCATALOG_COMPILER_APPICON_NAME = AppIcon;
				ASSETCATALOG_COMPILER_GLOBAL_ACCENT_COLOR_NAME = AccentColor;
				CODE_SIGN_STYLE = Automatic;
				CURRENT_PROJECT_VERSION = 1;
				ENABLE_PREVIEWS = YES;
				GENERATE_INFOPLIST_FILE = YES;
				INFOPLIST_KEY_UIApplicationSceneManifest_Generation = YES;
				INFOPLIST_KEY_UIApplicationSupportsIndirectInputEvents = YES;
				INFOPLIST_KEY_UILaunchScreen_Generation = YES;
				INFOPLIST_KEY_UISupportedInterfaceOrientations_iPad = "UIInterfaceOrientationPortrait UIInterfaceOrientationPortraitUpsideDown UIInterfaceOrientationLandscapeLeft UIInterfaceOrientationLandscapeRight";
				INFOPLIST_KEY_UISupportedInterfaceOrientations_iPhone = "UIInterfaceOrientationPortrait UIInterfaceOrientationLandscapeLeft UIInterfaceOrientationLandscapeRight";
				LD_RUNPATH_SEARCH_PATHS = (
					"$(inherited)",
					"@executable_path/Frameworks",
				);
				MARKETING_VERSION = 1.0;
				PRODUCT_BUNDLE_IDENTIFIER = abc.SwiftConcurrencyMaster;
				PRODUCT_NAME = "$(TARGET_NAME)";
				SWIFT_EMIT_LOC_STRINGS = YES;
				SWIFT_VERSION = 5.0;
				TARGETED_DEVICE_FAMILY = "1,2";
			};
			name = Debug;
		};
		C0E41D472EC1B64B002A71B8 /* Release */ = {
			isa = XCBuildConfiguration;
			buildSettings = {
				ASSETCATALOG_COMPILER_APPICON_NAME = AppIcon;
				ASSETCATALOG_COMPILER_GLOBAL_ACCENT_COLOR_NAME = AccentColor;
				CODE_SIGN_STYLE = Automatic;
				CURRENT_PROJECT_VERSION = 1;
				ENABLE_PREVIEWS = YES;
				GENERATE_INFOPLIST_FILE = YES;
				INFOPLIST_KEY_UIApplicationSceneManifest_Generation = YES;
				INFOPLIST_KEY_UIApplicationSupportsIndirectInputEvents = YES;
				INFOPLIST_KEY_UILaunchScreen_Generation = YES;
				INFOPLIST_KEY_UISupportedInterfaceOrientations_iPad = "UIInterfaceOrientationPortrait UIInterfaceOrientationPortraitUpsideDown UIInterfaceOrientationLandscapeLeft UIInterfaceOrientationLandscapeRight";
				INFOPLIST_KEY_UISupportedInterfaceOrientations_iPhone = "UIInterfaceOrientationPortrait UIInterfaceOrientationLandscapeLeft UIInterfaceOrientationLandscapeRight";
				LD_RUNPATH_SEARCH_PATHS = (
					"$(inherited)",
					"@executable_path/Frameworks",
				);
				MARKETING_VERSION = 1.0;
				PRODUCT_BUNDLE_IDENTIFIER = abc.SwiftConcurrencyMaster;
				PRODUCT_NAME = "$(TARGET_NAME)";
				SWIFT_EMIT_LOC_STRINGS = YES;
				SWIFT_VERSION = 5.0;
				TARGETED_DEVICE_FAMILY = "1,2";
			};
			name = Release;
		};
/* End XCBuildConfiguration section */

/* Begin XCConfigurationList section */
		C0E41D352EC1B64A002A71B8 /* Build configuration list for PBXProject "SwiftConcurrencyMaster" */ = {
			isa = XCConfigurationList;
			buildConfigurations = (
				C0E41D432EC1B64B002A71B8 /* Debug */,
				C0E41D442EC1B64B002A71B8 /* Release */,
			);
			defaultConfigurationIsVisible = 0;
			defaultConfigurationName = Release;
		};
		C0E41D452EC1B64B002A71B8 /* Build configuration list for PBXNativeTarget "SwiftConcurrencyMaster" */ = {
			isa = XCConfigurationList;
			buildConfigurations = (
				C0E41D462EC1B64B002A71B8 /* Debug */,
				C0E41D472EC1B64B002A71B8 /* Release */,
			);
			defaultConfigurationIsVisible = 0;
			defaultConfigurationName = Release;
		};
/* End XCConfigurationList section */
	};
	rootObject = C0E41D322EC1B64A002A71B8 /* Project object */;
}
